
Microsoft Visual Studio Solution File, Format Version 12.00
# Visual Studio Version 17
VisualStudioVersion = 17.9.34714.143
MinimumVisualStudioVersion = 10.0.40219.1
Project("{FAE04EC0-301F-11D3-BF4B-00C04F79EFBC}") = "InsuranceQuotingSystemTests", "InsuranceQuotingSystemTests.csproj", "{1FB612D0-0E93-4869-99EC-02ABD4446581}"
EndProject
Global
	GlobalSection(SolutionConfigurationPlatforms) = preSolution
		Debug|Any CPU = Debug|Any CPU
		Release|Any CPU = Release|Any CPU
	EndGlobalSection
	GlobalSection(ProjectConfigurationPlatforms) = postSolution
		{1FB612D0-0E93-4869-99EC-02ABD4446581}.Debug|Any CPU.ActiveCfg = Debug|Any CPU
		{1FB612D0-0E93-4869-99EC-02ABD4446581}.Debug|Any CPU.Build.0 = Debug|Any CPU
		{1FB612D0-0E93-4869-99EC-02ABD4446581}.Release|Any CPU.ActiveCfg = Release|Any CPU
		{1FB612D0-0E93-4869-99EC-02ABD4446581}.Release|Any CPU.Build.0 = Release|Any CPU
	EndGlobalSection
	GlobalSection(SolutionProperties) = preSolution
		HideSolutionNode = FALSE
	EndGlobalSection
	GlobalSection(ExtensibilityGlobals) = postSolution
		SolutionGuid = {38225B92-E1C3-4EE1-BEAC-F8435D09C62F}
	EndGlobalSection
EndGlobal
